// !$*UTF8*$!
{
	archiveVersion = 1;
	classes = {
	};
	objectVersion = 56;
	objects = {

/* Begin PBXBuildFile section */
		6B6637B32A4C9485004229C6 /* AppDelegate.swift in Sources */ = {isa = PBXBuildFile; fileRef = 6B6637B22A4C9485004229C6 /* AppDelegate.swift */; };
		6B6637B52A4C9485004229C6 /* SceneDelegate.swift in Sources */ = {isa = PBXBuildFile; fileRef = 6B6637B42A4C9485004229C6 /* SceneDelegate.swift */; };
		6B6637B72A4C9485004229C6 /* MainViewController.swift in Sources */ = {isa = PBXBuildFile; fileRef = 6B6637B62A4C9485004229C6 /* MainViewController.swift */; };
		6B6637BD2A4C9485004229C6 /* iShop.xcdatamodeld in Sources */ = {isa = PBXBuildFile; fileRef = 6B6637BB2A4C9485004229C6 /* iShop.xcdatamodeld */; };
		6B6637BF2A4C9485004229C6 /* Assets.xcassets in Resources */ = {isa = PBXBuildFile; fileRef = 6B6637BE2A4C9485004229C6 /* Assets.xcassets */; };
		6B6637C22A4C9485004229C6 /* LaunchScreen.storyboard in Resources */ = {isa = PBXBuildFile; fileRef = 6B6637C02A4C9485004229C6 /* LaunchScreen.storyboard */; };
		6B6637CD2A4C9486004229C6 /* iShopTests.swift in Sources */ = {isa = PBXBuildFile; fileRef = 6B6637CC2A4C9486004229C6 /* iShopTests.swift */; };
		6B6637D72A4C9486004229C6 /* iShopUITests.swift in Sources */ = {isa = PBXBuildFile; fileRef = 6B6637D62A4C9486004229C6 /* iShopUITests.swift */; };
		6B6637D92A4C9486004229C6 /* iShopUITestsLaunchTests.swift in Sources */ = {isa = PBXBuildFile; fileRef = 6B6637D82A4C9486004229C6 /* iShopUITestsLaunchTests.swift */; };
		6B6637F62A4D9B98004229C6 /* CategoryModel.swift in Sources */ = {isa = PBXBuildFile; fileRef = 6B6637F52A4D9B98004229C6 /* CategoryModel.swift */; };
		6B6637FC2A4D9BCD004229C6 /* ProductList.swift in Sources */ = {isa = PBXBuildFile; fileRef = 6B6637FB2A4D9BCD004229C6 /* ProductList.swift */; };
		6B6638022A4D9BF4004229C6 /* SaveModel.swift in Sources */ = {isa = PBXBuildFile; fileRef = 6B6638012A4D9BF4004229C6 /* SaveModel.swift */; };
		6B6638042A4D9BFA004229C6 /* SaveView.swift in Sources */ = {isa = PBXBuildFile; fileRef = 6B6638032A4D9BFA004229C6 /* SaveView.swift */; };
		6B6638082A4D9C20004229C6 /* APIManager.swift in Sources */ = {isa = PBXBuildFile; fileRef = 6B6638072A4D9C20004229C6 /* APIManager.swift */; };
		6B66380A2A4D9C6F004229C6 /* CategoryViewController.swift in Sources */ = {isa = PBXBuildFile; fileRef = 6B6638092A4D9C6F004229C6 /* CategoryViewController.swift */; };
		6B66380C2A4D9CAE004229C6 /* ProductViewController.swift in Sources */ = {isa = PBXBuildFile; fileRef = 6B66380B2A4D9CAE004229C6 /* ProductViewController.swift */; };
		6B66380E2A4D9CCF004229C6 /* SaveViewController.swift in Sources */ = {isa = PBXBuildFile; fileRef = 6B66380D2A4D9CCF004229C6 /* SaveViewController.swift */; };
		6B90374C2A4DA03300DF2766 /* CategoryCustomView.swift in Sources */ = {isa = PBXBuildFile; fileRef = 6B90374B2A4DA03300DF2766 /* CategoryCustomView.swift */; };
		6B90374E2A4DA04200DF2766 /* CategoryViewModel.swift in Sources */ = {isa = PBXBuildFile; fileRef = 6B90374D2A4DA04200DF2766 /* CategoryViewModel.swift */; };
		6B9037502A4DA05500DF2766 /* ProductCustomView.swift in Sources */ = {isa = PBXBuildFile; fileRef = 6B90374F2A4DA05500DF2766 /* ProductCustomView.swift */; };
		6B9037522A4DA06400DF2766 /* ProductViewModel.swift in Sources */ = {isa = PBXBuildFile; fileRef = 6B9037512A4DA06400DF2766 /* ProductViewModel.swift */; };
		6B9037542A4DA07D00DF2766 /* SaveViewModel.swift in Sources */ = {isa = PBXBuildFile; fileRef = 6B9037532A4DA07D00DF2766 /* SaveViewModel.swift */; };
		6B9037562A4DA51200DF2766 /* Constants.swift in Sources */ = {isa = PBXBuildFile; fileRef = 6B9037552A4DA51200DF2766 /* Constants.swift */; };
		6B9037582A4DB6FC00DF2766 /* EndPointType.swift in Sources */ = {isa = PBXBuildFile; fileRef = 6B9037572A4DB6FC00DF2766 /* EndPointType.swift */; };
		6B90375A2A4DB79200DF2766 /* CategoryEndPoint.swift in Sources */ = {isa = PBXBuildFile; fileRef = 6B9037592A4DB79200DF2766 /* CategoryEndPoint.swift */; };
		6B90375C2A4DB8A300DF2766 /* ProductEndPoint.swift in Sources */ = {isa = PBXBuildFile; fileRef = 6B90375B2A4DB8A300DF2766 /* ProductEndPoint.swift */; };
		6B90375E2A4EEAB400DF2766 /* CategoryCell.swift in Sources */ = {isa = PBXBuildFile; fileRef = 6B90375D2A4EEAB400DF2766 /* CategoryCell.swift */; };
		6B9037612A4F38D000DF2766 /* CategoryCellView.swift in Sources */ = {isa = PBXBuildFile; fileRef = 6B9037602A4F38D000DF2766 /* CategoryCellView.swift */; };
		6B9037632A4F38E700DF2766 /* CategoryCellModel.swift in Sources */ = {isa = PBXBuildFile; fileRef = 6B9037622A4F38E700DF2766 /* CategoryCellModel.swift */; };
		6B9037652A4F38F800DF2766 /* CategoryCellViewModel.swift in Sources */ = {isa = PBXBuildFile; fileRef = 6B9037642A4F38F800DF2766 /* CategoryCellViewModel.swift */; };
		6B90376E2A56F37000DF2766 /* ProductCellModel.swift in Sources */ = {isa = PBXBuildFile; fileRef = 6B90376D2A56F37000DF2766 /* ProductCellModel.swift */; };
		6B9037702A56F38500DF2766 /* ProductCellView.swift in Sources */ = {isa = PBXBuildFile; fileRef = 6B90376F2A56F38500DF2766 /* ProductCellView.swift */; };
		6B9037722A56F39700DF2766 /* ProductCellViewModel.swift in Sources */ = {isa = PBXBuildFile; fileRef = 6B9037712A56F39700DF2766 /* ProductCellViewModel.swift */; };
		6B9037742A56F3B200DF2766 /* ProductCell.swift in Sources */ = {isa = PBXBuildFile; fileRef = 6B9037732A56F3B200DF2766 /* ProductCell.swift */; };
		6B9037772A5AC4FC00DF2766 /* Kingfisher in Frameworks */ = {isa = PBXBuildFile; productRef = 6B9037762A5AC4FC00DF2766 /* Kingfisher */; };
		6B9037792A5D663800DF2766 /* UIImageView + Extension.swift in Sources */ = {isa = PBXBuildFile; fileRef = 6B9037782A5D663800DF2766 /* UIImageView + Extension.swift */; };
		6B90377B2A5DA70400DF2766 /* UIColor + Extentsion.swift in Sources */ = {isa = PBXBuildFile; fileRef = 6B90377A2A5DA70400DF2766 /* UIColor + Extentsion.swift */; };
		6B90377D2A5DC3BB00DF2766 /* APIManagerAsyncAwait.swift in Sources */ = {isa = PBXBuildFile; fileRef = 6B90377C2A5DC3BB00DF2766 /* APIManagerAsyncAwait.swift */; };
/* End PBXBuildFile section */

/* Begin PBXContainerItemProxy section */
		6B6637C92A4C9486004229C6 /* PBXContainerItemProxy */ = {
			isa = PBXContainerItemProxy;
			containerPortal = 6B6637A72A4C9484004229C6 /* Project object */;
			proxyType = 1;
			remoteGlobalIDString = 6B6637AE2A4C9485004229C6;
			remoteInfo = iShop;
		};
		6B6637D32A4C9486004229C6 /* PBXContainerItemProxy */ = {
			isa = PBXContainerItemProxy;
			containerPortal = 6B6637A72A4C9484004229C6 /* Project object */;
			proxyType = 1;
			remoteGlobalIDString = 6B6637AE2A4C9485004229C6;
			remoteInfo = iShop;
		};
/* End PBXContainerItemProxy section */

/* Begin PBXFileReference section */
		6B6637AF2A4C9485004229C6 /* iShop.app */ = {isa = PBXFileReference; explicitFileType = wrapper.application; includeInIndex = 0; path = iShop.app; sourceTree = BUILT_PRODUCTS_DIR; };
		6B6637B22A4C9485004229C6 /* AppDelegate.swift */ = {isa = PBXFileReference; lastKnownFileType = sourcecode.swift; path = AppDelegate.swift; sourceTree = "<group>"; };
		6B6637B42A4C9485004229C6 /* SceneDelegate.swift */ = {isa = PBXFileReference; lastKnownFileType = sourcecode.swift; path = SceneDelegate.swift; sourceTree = "<group>"; };
		6B6637B62A4C9485004229C6 /* MainViewController.swift */ = {isa = PBXFileReference; lastKnownFileType = sourcecode.swift; path = MainViewController.swift; sourceTree = "<group>"; };
		6B6637BC2A4C9485004229C6 /* iShop.xcdatamodel */ = {isa = PBXFileReference; lastKnownFileType = wrapper.xcdatamodel; path = iShop.xcdatamodel; sourceTree = "<group>"; };
		6B6637BE2A4C9485004229C6 /* Assets.xcassets */ = {isa = PBXFileReference; lastKnownFileType = folder.assetcatalog; path = Assets.xcassets; sourceTree = "<group>"; };
		6B6637C12A4C9485004229C6 /* Base */ = {isa = PBXFileReference; lastKnownFileType = file.storyboard; name = Base; path = Base.lproj/LaunchScreen.storyboard; sourceTree = "<group>"; };
		6B6637C32A4C9485004229C6 /* Info.plist */ = {isa = PBXFileReference; lastKnownFileType = text.plist.xml; path = Info.plist; sourceTree = "<group>"; };
		6B6637C82A4C9486004229C6 /* iShopTests.xctest */ = {isa = PBXFileReference; explicitFileType = wrapper.cfbundle; includeInIndex = 0; path = iShopTests.xctest; sourceTree = BUILT_PRODUCTS_DIR; };
		6B6637CC2A4C9486004229C6 /* iShopTests.swift */ = {isa = PBXFileReference; lastKnownFileType = sourcecode.swift; path = iShopTests.swift; sourceTree = "<group>"; };
		6B6637D22A4C9486004229C6 /* iShopUITests.xctest */ = {isa = PBXFileReference; explicitFileType = wrapper.cfbundle; includeInIndex = 0; path = iShopUITests.xctest; sourceTree = BUILT_PRODUCTS_DIR; };
		6B6637D62A4C9486004229C6 /* iShopUITests.swift */ = {isa = PBXFileReference; lastKnownFileType = sourcecode.swift; path = iShopUITests.swift; sourceTree = "<group>"; };
		6B6637D82A4C9486004229C6 /* iShopUITestsLaunchTests.swift */ = {isa = PBXFileReference; lastKnownFileType = sourcecode.swift; path = iShopUITestsLaunchTests.swift; sourceTree = "<group>"; };
		6B6637F52A4D9B98004229C6 /* CategoryModel.swift */ = {isa = PBXFileReference; lastKnownFileType = sourcecode.swift; path = CategoryModel.swift; sourceTree = "<group>"; };
		6B6637FB2A4D9BCD004229C6 /* ProductList.swift */ = {isa = PBXFileReference; lastKnownFileType = sourcecode.swift; path = ProductList.swift; sourceTree = "<group>"; };
		6B6638012A4D9BF4004229C6 /* SaveModel.swift */ = {isa = PBXFileReference; lastKnownFileType = sourcecode.swift; path = SaveModel.swift; sourceTree = "<group>"; };
		6B6638032A4D9BFA004229C6 /* SaveView.swift */ = {isa = PBXFileReference; lastKnownFileType = sourcecode.swift; path = SaveView.swift; sourceTree = "<group>"; };
		6B6638072A4D9C20004229C6 /* APIManager.swift */ = {isa = PBXFileReference; lastKnownFileType = sourcecode.swift; path = APIManager.swift; sourceTree = "<group>"; };
		6B6638092A4D9C6F004229C6 /* CategoryViewController.swift */ = {isa = PBXFileReference; lastKnownFileType = sourcecode.swift; path = CategoryViewController.swift; sourceTree = "<group>"; };
		6B66380B2A4D9CAE004229C6 /* ProductViewController.swift */ = {isa = PBXFileReference; lastKnownFileType = sourcecode.swift; path = ProductViewController.swift; sourceTree = "<group>"; };
		6B66380D2A4D9CCF004229C6 /* SaveViewController.swift */ = {isa = PBXFileReference; lastKnownFileType = sourcecode.swift; path = SaveViewController.swift; sourceTree = "<group>"; };
		6B90374B2A4DA03300DF2766 /* CategoryCustomView.swift */ = {isa = PBXFileReference; lastKnownFileType = sourcecode.swift; path = CategoryCustomView.swift; sourceTree = "<group>"; };
		6B90374D2A4DA04200DF2766 /* CategoryViewModel.swift */ = {isa = PBXFileReference; lastKnownFileType = sourcecode.swift; path = CategoryViewModel.swift; sourceTree = "<group>"; };
		6B90374F2A4DA05500DF2766 /* ProductCustomView.swift */ = {isa = PBXFileReference; lastKnownFileType = sourcecode.swift; path = ProductCustomView.swift; sourceTree = "<group>"; };
		6B9037512A4DA06400DF2766 /* ProductViewModel.swift */ = {isa = PBXFileReference; lastKnownFileType = sourcecode.swift; path = ProductViewModel.swift; sourceTree = "<group>"; };
		6B9037532A4DA07D00DF2766 /* SaveViewModel.swift */ = {isa = PBXFileReference; lastKnownFileType = sourcecode.swift; path = SaveViewModel.swift; sourceTree = "<group>"; };
		6B9037552A4DA51200DF2766 /* Constants.swift */ = {isa = PBXFileReference; lastKnownFileType = sourcecode.swift; path = Constants.swift; sourceTree = "<group>"; };
		6B9037572A4DB6FC00DF2766 /* EndPointType.swift */ = {isa = PBXFileReference; lastKnownFileType = sourcecode.swift; path = EndPointType.swift; sourceTree = "<group>"; };
		6B9037592A4DB79200DF2766 /* CategoryEndPoint.swift */ = {isa = PBXFileReference; lastKnownFileType = sourcecode.swift; path = CategoryEndPoint.swift; sourceTree = "<group>"; };
		6B90375B2A4DB8A300DF2766 /* ProductEndPoint.swift */ = {isa = PBXFileReference; lastKnownFileType = sourcecode.swift; path = ProductEndPoint.swift; sourceTree = "<group>"; };
		6B90375D2A4EEAB400DF2766 /* CategoryCell.swift */ = {isa = PBXFileReference; lastKnownFileType = sourcecode.swift; path = CategoryCell.swift; sourceTree = "<group>"; };
		6B9037602A4F38D000DF2766 /* CategoryCellView.swift */ = {isa = PBXFileReference; lastKnownFileType = sourcecode.swift; path = CategoryCellView.swift; sourceTree = "<group>"; };
		6B9037622A4F38E700DF2766 /* CategoryCellModel.swift */ = {isa = PBXFileReference; lastKnownFileType = sourcecode.swift; path = CategoryCellModel.swift; sourceTree = "<group>"; };
		6B9037642A4F38F800DF2766 /* CategoryCellViewModel.swift */ = {isa = PBXFileReference; lastKnownFileType = sourcecode.swift; path = CategoryCellViewModel.swift; sourceTree = "<group>"; };
		6B90376D2A56F37000DF2766 /* ProductCellModel.swift */ = {isa = PBXFileReference; lastKnownFileType = sourcecode.swift; path = ProductCellModel.swift; sourceTree = "<group>"; };
		6B90376F2A56F38500DF2766 /* ProductCellView.swift */ = {isa = PBXFileReference; lastKnownFileType = sourcecode.swift; path = ProductCellView.swift; sourceTree = "<group>"; };
		6B9037712A56F39700DF2766 /* ProductCellViewModel.swift */ = {isa = PBXFileReference; lastKnownFileType = sourcecode.swift; path = ProductCellViewModel.swift; sourceTree = "<group>"; };
		6B9037732A56F3B200DF2766 /* ProductCell.swift */ = {isa = PBXFileReference; lastKnownFileType = sourcecode.swift; path = ProductCell.swift; sourceTree = "<group>"; };
		6B9037782A5D663800DF2766 /* UIImageView + Extension.swift */ = {isa = PBXFileReference; lastKnownFileType = sourcecode.swift; path = "UIImageView + Extension.swift"; sourceTree = "<group>"; };
		6B90377A2A5DA70400DF2766 /* UIColor + Extentsion.swift */ = {isa = PBXFileReference; lastKnownFileType = sourcecode.swift; path = "UIColor + Extentsion.swift"; sourceTree = "<group>"; };
		6B90377C2A5DC3BB00DF2766 /* APIManagerAsyncAwait.swift */ = {isa = PBXFileReference; lastKnownFileType = sourcecode.swift; path = APIManagerAsyncAwait.swift; sourceTree = "<group>"; };
/* End PBXFileReference section */

/* Begin PBXFrameworksBuildPhase section */
		6B6637AC2A4C9485004229C6 /* Frameworks */ = {
			isa = PBXFrameworksBuildPhase;
			buildActionMask = 2147483647;
			files = (
				6B9037772A5AC4FC00DF2766 /* Kingfisher in Frameworks */,
			);
			runOnlyForDeploymentPostprocessing = 0;
		};
		6B6637C52A4C9486004229C6 /* Frameworks */ = {
			isa = PBXFrameworksBuildPhase;
			buildActionMask = 2147483647;
			files = (
			);
			runOnlyForDeploymentPostprocessing = 0;
		};
		6B6637CF2A4C9486004229C6 /* Frameworks */ = {
			isa = PBXFrameworksBuildPhase;
			buildActionMask = 2147483647;
			files = (
			);
			runOnlyForDeploymentPostprocessing = 0;
		};
/* End PBXFrameworksBuildPhase section */

/* Begin PBXGroup section */
		6B6637A62A4C9484004229C6 = {
			isa = PBXGroup;
			children = (
				6B6637B12A4C9485004229C6 /* iShop */,
				6B6637CB2A4C9486004229C6 /* iShopTests */,
				6B6637D52A4C9486004229C6 /* iShopUITests */,
				6B6637B02A4C9485004229C6 /* Products */,
			);
			sourceTree = "<group>";
		};
		6B6637B02A4C9485004229C6 /* Products */ = {
			isa = PBXGroup;
			children = (
				6B6637AF2A4C9485004229C6 /* iShop.app */,
				6B6637C82A4C9486004229C6 /* iShopTests.xctest */,
				6B6637D22A4C9486004229C6 /* iShopUITests.xctest */,
			);
			name = Products;
			sourceTree = "<group>";
		};
		6B6637B12A4C9485004229C6 /* iShop */ = {
			isa = PBXGroup;
			children = (
				6B6637E52A4C94FD004229C6 /* Application */,
				6B6637E62A4C9681004229C6 /* Storyboard */,
				6B6637ED2A4CE179004229C6 /* ViewController */,
				6B6637EE2A4D9A9E004229C6 /* Screen */,
				6B6637E72A4C969F004229C6 /* Helper */,
				6B6637E82A4C96AC004229C6 /* Utility */,
				6B6637E92A4C96B8004229C6 /* Extension */,
				6B6637EA2A4C96C0004229C6 /* Constant */,
				6B6637BE2A4C9485004229C6 /* Assets.xcassets */,
				6B6637C32A4C9485004229C6 /* Info.plist */,
				6B6637BB2A4C9485004229C6 /* iShop.xcdatamodeld */,
			);
			path = iShop;
			sourceTree = "<group>";
		};
		6B6637CB2A4C9486004229C6 /* iShopTests */ = {
			isa = PBXGroup;
			children = (
				6B6637CC2A4C9486004229C6 /* iShopTests.swift */,
			);
			path = iShopTests;
			sourceTree = "<group>";
		};
		6B6637D52A4C9486004229C6 /* iShopUITests */ = {
			isa = PBXGroup;
			children = (
				6B6637D62A4C9486004229C6 /* iShopUITests.swift */,
				6B6637D82A4C9486004229C6 /* iShopUITestsLaunchTests.swift */,
			);
			path = iShopUITests;
			sourceTree = "<group>";
		};
		6B6637E52A4C94FD004229C6 /* Application */ = {
			isa = PBXGroup;
			children = (
				6B6637B22A4C9485004229C6 /* AppDelegate.swift */,
				6B6637B42A4C9485004229C6 /* SceneDelegate.swift */,
			);
			path = Application;
			sourceTree = "<group>";
		};
		6B6637E62A4C9681004229C6 /* Storyboard */ = {
			isa = PBXGroup;
			children = (
				6B6637C02A4C9485004229C6 /* LaunchScreen.storyboard */,
			);
			path = Storyboard;
			sourceTree = "<group>";
		};
		6B6637E72A4C969F004229C6 /* Helper */ = {
			isa = PBXGroup;
			children = (
				6B6638072A4D9C20004229C6 /* APIManager.swift */,
				6B90377C2A5DC3BB00DF2766 /* APIManagerAsyncAwait.swift */,
			);
			path = Helper;
			sourceTree = "<group>";
		};
		6B6637E82A4C96AC004229C6 /* Utility */ = {
			isa = PBXGroup;
			children = (
				6B9037572A4DB6FC00DF2766 /* EndPointType.swift */,
				6B9037592A4DB79200DF2766 /* CategoryEndPoint.swift */,
				6B90375B2A4DB8A300DF2766 /* ProductEndPoint.swift */,
			);
			path = Utility;
			sourceTree = "<group>";
		};
		6B6637E92A4C96B8004229C6 /* Extension */ = {
			isa = PBXGroup;
			children = (
				6B9037782A5D663800DF2766 /* UIImageView + Extension.swift */,
				6B90377A2A5DA70400DF2766 /* UIColor + Extentsion.swift */,
			);
			path = Extension;
			sourceTree = "<group>";
		};
		6B6637EA2A4C96C0004229C6 /* Constant */ = {
			isa = PBXGroup;
			children = (
				6B9037552A4DA51200DF2766 /* Constants.swift */,
			);
			path = Constant;
			sourceTree = "<group>";
		};
		6B6637ED2A4CE179004229C6 /* ViewController */ = {
			isa = PBXGroup;
			children = (
				6B6637B62A4C9485004229C6 /* MainViewController.swift */,
			);
			path = ViewController;
			sourceTree = "<group>";
		};
		6B6637EE2A4D9A9E004229C6 /* Screen */ = {
			isa = PBXGroup;
			children = (
				6B6637EF2A4D9ACC004229C6 /* Category */,
				6B6637F12A4D9B0C004229C6 /* Product */,
				6B6637F02A4D9AED004229C6 /* Save */,
			);
			path = Screen;
			sourceTree = "<group>";
		};
		6B6637EF2A4D9ACC004229C6 /* Category */ = {
			isa = PBXGroup;
			children = (
				6B9037662A503D1000DF2766 /* CategotyModel */,
				6B9037672A503D2000DF2766 /* CategoryView */,
				6B9037682A503D3200DF2766 /* CategoryViewModel */,
				6B90375F2A4F38A900DF2766 /* CategoryCell */,
			);
			path = Category;
			sourceTree = "<group>";
		};
		6B6637F02A4D9AED004229C6 /* Save */ = {
			isa = PBXGroup;
			children = (
				6B6638012A4D9BF4004229C6 /* SaveModel.swift */,
				6B6638032A4D9BFA004229C6 /* SaveView.swift */,
				6B9037532A4DA07D00DF2766 /* SaveViewModel.swift */,
				6B66380D2A4D9CCF004229C6 /* SaveViewController.swift */,
			);
			path = Save;
			sourceTree = "<group>";
		};
		6B6637F12A4D9B0C004229C6 /* Product */ = {
			isa = PBXGroup;
			children = (
				6B9037692A55DA2A00DF2766 /* ProductModel */,
				6B90376A2A55DA4000DF2766 /* ProductView */,
				6B90376B2A55DA4D00DF2766 /* ProductViewModel */,
				6B90376C2A56F34C00DF2766 /* ProductCell */,
			);
			path = Product;
			sourceTree = "<group>";
		};
		6B90375F2A4F38A900DF2766 /* CategoryCell */ = {
			isa = PBXGroup;
			children = (
				6B90375D2A4EEAB400DF2766 /* CategoryCell.swift */,
				6B9037622A4F38E700DF2766 /* CategoryCellModel.swift */,
				6B9037602A4F38D000DF2766 /* CategoryCellView.swift */,
				6B9037642A4F38F800DF2766 /* CategoryCellViewModel.swift */,
			);
			path = CategoryCell;
			sourceTree = "<group>";
		};
		6B9037662A503D1000DF2766 /* CategotyModel */ = {
			isa = PBXGroup;
			children = (
				6B6637F52A4D9B98004229C6 /* CategoryModel.swift */,
			);
			path = CategotyModel;
			sourceTree = "<group>";
		};
		6B9037672A503D2000DF2766 /* CategoryView */ = {
			isa = PBXGroup;
			children = (
				6B90374B2A4DA03300DF2766 /* CategoryCustomView.swift */,
				6B6638092A4D9C6F004229C6 /* CategoryViewController.swift */,
			);
			path = CategoryView;
			sourceTree = "<group>";
		};
		6B9037682A503D3200DF2766 /* CategoryViewModel */ = {
			isa = PBXGroup;
			children = (
				6B90374D2A4DA04200DF2766 /* CategoryViewModel.swift */,
			);
			path = CategoryViewModel;
			sourceTree = "<group>";
		};
		6B9037692A55DA2A00DF2766 /* ProductModel */ = {
			isa = PBXGroup;
			children = (
				6B6637FB2A4D9BCD004229C6 /* ProductList.swift */,
			);
			path = ProductModel;
			sourceTree = "<group>";
		};
		6B90376A2A55DA4000DF2766 /* ProductView */ = {
			isa = PBXGroup;
			children = (
				6B90374F2A4DA05500DF2766 /* ProductCustomView.swift */,
				6B66380B2A4D9CAE004229C6 /* ProductViewController.swift */,
			);
			path = ProductView;
			sourceTree = "<group>";
		};
		6B90376B2A55DA4D00DF2766 /* ProductViewModel */ = {
			isa = PBXGroup;
			children = (
				6B9037512A4DA06400DF2766 /* ProductViewModel.swift */,
			);
			path = ProductViewModel;
			sourceTree = "<group>";
		};
		6B90376C2A56F34C00DF2766 /* ProductCell */ = {
			isa = PBXGroup;
			children = (
				6B9037732A56F3B200DF2766 /* ProductCell.swift */,
				6B90376D2A56F37000DF2766 /* ProductCellModel.swift */,
				6B90376F2A56F38500DF2766 /* ProductCellView.swift */,
				6B9037712A56F39700DF2766 /* ProductCellViewModel.swift */,
			);
			path = ProductCell;
			sourceTree = "<group>";
		};
/* End PBXGroup section */

/* Begin PBXNativeTarget section */
		6B6637AE2A4C9485004229C6 /* iShop */ = {
			isa = PBXNativeTarget;
			buildConfigurationList = 6B6637DC2A4C9486004229C6 /* Build configuration list for PBXNativeTarget "iShop" */;
			buildPhases = (
				6B6637AB2A4C9485004229C6 /* Sources */,
				6B6637AC2A4C9485004229C6 /* Frameworks */,
				6B6637AD2A4C9485004229C6 /* Resources */,
			);
			buildRules = (
			);
			dependencies = (
			);
			name = iShop;
			packageProductDependencies = (
				6B9037762A5AC4FC00DF2766 /* Kingfisher */,
			);
			productName = iShop;
			productReference = 6B6637AF2A4C9485004229C6 /* iShop.app */;
			productType = "com.apple.product-type.application";
		};
		6B6637C72A4C9486004229C6 /* iShopTests */ = {
			isa = PBXNativeTarget;
			buildConfigurationList = 6B6637DF2A4C9486004229C6 /* Build configuration list for PBXNativeTarget "iShopTests" */;
			buildPhases = (
				6B6637C42A4C9486004229C6 /* Sources */,
				6B6637C52A4C9486004229C6 /* Frameworks */,
				6B6637C62A4C9486004229C6 /* Resources */,
			);
			buildRules = (
			);
			dependencies = (
				6B6637CA2A4C9486004229C6 /* PBXTargetDependency */,
			);
			name = iShopTests;
			productName = iShopTests;
			productReference = 6B6637C82A4C9486004229C6 /* iShopTests.xctest */;
			productType = "com.apple.product-type.bundle.unit-test";
		};
		6B6637D12A4C9486004229C6 /* iShopUITests */ = {
			isa = PBXNativeTarget;
			buildConfigurationList = 6B6637E22A4C9486004229C6 /* Build configuration list for PBXNativeTarget "iShopUITests" */;
			buildPhases = (
				6B6637CE2A4C9486004229C6 /* Sources */,
				6B6637CF2A4C9486004229C6 /* Frameworks */,
				6B6637D02A4C9486004229C6 /* Resources */,
			);
			buildRules = (
			);
			dependencies = (
				6B6637D42A4C9486004229C6 /* PBXTargetDependency */,
			);
			name = iShopUITests;
			productName = iShopUITests;
			productReference = 6B6637D22A4C9486004229C6 /* iShopUITests.xctest */;
			productType = "com.apple.product-type.bundle.ui-testing";
		};
/* End PBXNativeTarget section */

/* Begin PBXProject section */
		6B6637A72A4C9484004229C6 /* Project object */ = {
			isa = PBXProject;
			attributes = {
				BuildIndependentTargetsInParallel = 1;
				LastSwiftUpdateCheck = 1430;
				LastUpgradeCheck = 1430;
				TargetAttributes = {
					6B6637AE2A4C9485004229C6 = {
						CreatedOnToolsVersion = 14.3.1;
					};
					6B6637C72A4C9486004229C6 = {
						CreatedOnToolsVersion = 14.3.1;
						TestTargetID = 6B6637AE2A4C9485004229C6;
					};
					6B6637D12A4C9486004229C6 = {
						CreatedOnToolsVersion = 14.3.1;
						TestTargetID = 6B6637AE2A4C9485004229C6;
					};
				};
			};
			buildConfigurationList = 6B6637AA2A4C9484004229C6 /* Build configuration list for PBXProject "iShop" */;
			compatibilityVersion = "Xcode 14.0";
			developmentRegion = en;
			hasScannedForEncodings = 0;
			knownRegions = (
				en,
				Base,
			);
			mainGroup = 6B6637A62A4C9484004229C6;
			packageReferences = (
				6B9037752A5AC4FC00DF2766 /* XCRemoteSwiftPackageReference "Kingfisher" */,
			);
			productRefGroup = 6B6637B02A4C9485004229C6 /* Products */;
			projectDirPath = "";
			projectRoot = "";
			targets = (
				6B6637AE2A4C9485004229C6 /* iShop */,
				6B6637C72A4C9486004229C6 /* iShopTests */,
				6B6637D12A4C9486004229C6 /* iShopUITests */,
			);
		};
/* End PBXProject section */

/* Begin PBXResourcesBuildPhase section */
		6B6637AD2A4C9485004229C6 /* Resources */ = {
			isa = PBXResourcesBuildPhase;
			buildActionMask = 2147483647;
			files = (
				6B6637C22A4C9485004229C6 /* LaunchScreen.storyboard in Resources */,
				6B6637BF2A4C9485004229C6 /* Assets.xcassets in Resources */,
			);
			runOnlyForDeploymentPostprocessing = 0;
		};
		6B6637C62A4C9486004229C6 /* Resources */ = {
			isa = PBXResourcesBuildPhase;
			buildActionMask = 2147483647;
			files = (
			);
			runOnlyForDeploymentPostprocessing = 0;
		};
		6B6637D02A4C9486004229C6 /* Resources */ = {
			isa = PBXResourcesBuildPhase;
			buildActionMask = 2147483647;
			files = (
			);
			runOnlyForDeploymentPostprocessing = 0;
		};
/* End PBXResourcesBuildPhase section */

/* Begin PBXSourcesBuildPhase section */
		6B6637AB2A4C9485004229C6 /* Sources */ = {
			isa = PBXSourcesBuildPhase;
			buildActionMask = 2147483647;
			files = (
				6B90374E2A4DA04200DF2766 /* CategoryViewModel.swift in Sources */,
				6B6637F62A4D9B98004229C6 /* CategoryModel.swift in Sources */,
				6B9037722A56F39700DF2766 /* ProductCellViewModel.swift in Sources */,
				6B6637B72A4C9485004229C6 /* MainViewController.swift in Sources */,
				6B9037582A4DB6FC00DF2766 /* EndPointType.swift in Sources */,
				6B6637BD2A4C9485004229C6 /* iShop.xcdatamodeld in Sources */,
				6B9037542A4DA07D00DF2766 /* SaveViewModel.swift in Sources */,
				6B6637B32A4C9485004229C6 /* AppDelegate.swift in Sources */,
				6B66380E2A4D9CCF004229C6 /* SaveViewController.swift in Sources */,
				6B90377B2A5DA70400DF2766 /* UIColor + Extentsion.swift in Sources */,
				6B9037612A4F38D000DF2766 /* CategoryCellView.swift in Sources */,
				6B9037652A4F38F800DF2766 /* CategoryCellViewModel.swift in Sources */,
				6B9037702A56F38500DF2766 /* ProductCellView.swift in Sources */,
				6B90375A2A4DB79200DF2766 /* CategoryEndPoint.swift in Sources */,
				6B90374C2A4DA03300DF2766 /* CategoryCustomView.swift in Sources */,
				6B66380C2A4D9CAE004229C6 /* ProductViewController.swift in Sources */,
				6B6638082A4D9C20004229C6 /* APIManager.swift in Sources */,
				6B6637B52A4C9485004229C6 /* SceneDelegate.swift in Sources */,
				6B9037742A56F3B200DF2766 /* ProductCell.swift in Sources */,
				6B9037502A4DA05500DF2766 /* ProductCustomView.swift in Sources */,
				6B66380A2A4D9C6F004229C6 /* CategoryViewController.swift in Sources */,
				6B90376E2A56F37000DF2766 /* ProductCellModel.swift in Sources */,
				6B6638042A4D9BFA004229C6 /* SaveView.swift in Sources */,
				6B9037632A4F38E700DF2766 /* CategoryCellModel.swift in Sources */,
				6B90375C2A4DB8A300DF2766 /* ProductEndPoint.swift in Sources */,
				6B9037792A5D663800DF2766 /* UIImageView + Extension.swift in Sources */,
				6B6638022A4D9BF4004229C6 /* SaveModel.swift in Sources */,
				6B9037522A4DA06400DF2766 /* ProductViewModel.swift in Sources */,
				6B6637FC2A4D9BCD004229C6 /* ProductList.swift in Sources */,
				6B9037562A4DA51200DF2766 /* Constants.swift in Sources */,
				6B90377D2A5DC3BB00DF2766 /* APIManagerAsyncAwait.swift in Sources */,
				6B90375E2A4EEAB400DF2766 /* CategoryCell.swift in Sources */,
			);
			runOnlyForDeploymentPostprocessing = 0;
		};
		6B6637C42A4C9486004229C6 /* Sources */ = {
			isa = PBXSourcesBuildPhase;
			buildActionMask = 2147483647;
			files = (
				6B6637CD2A4C9486004229C6 /* iShopTests.swift in Sources */,
			);
			runOnlyForDeploymentPostprocessing = 0;
		};
		6B6637CE2A4C9486004229C6 /* Sources */ = {
			isa = PBXSourcesBuildPhase;
			buildActionMask = 2147483647;
			files = (
				6B6637D92A4C9486004229C6 /* iShopUITestsLaunchTests.swift in Sources */,
				6B6637D72A4C9486004229C6 /* iShopUITests.swift in Sources */,
			);
			runOnlyForDeploymentPostprocessing = 0;
		};
/* End PBXSourcesBuildPhase section */

/* Begin PBXTargetDependency section */
		6B6637CA2A4C9486004229C6 /* PBXTargetDependency */ = {
			isa = PBXTargetDependency;
			target = 6B6637AE2A4C9485004229C6 /* iShop */;
			targetProxy = 6B6637C92A4C9486004229C6 /* PBXContainerItemProxy */;
		};
		6B6637D42A4C9486004229C6 /* PBXTargetDependency */ = {
			isa = PBXTargetDependency;
			target = 6B6637AE2A4C9485004229C6 /* iShop */;
			targetProxy = 6B6637D32A4C9486004229C6 /* PBXContainerItemProxy */;
		};
/* End PBXTargetDependency section */

/* Begin PBXVariantGroup section */
		6B6637C02A4C9485004229C6 /* LaunchScreen.storyboard */ = {
			isa = PBXVariantGroup;
			children = (
				6B6637C12A4C9485004229C6 /* Base */,
			);
			name = LaunchScreen.storyboard;
			sourceTree = "<group>";
		};
/* End PBXVariantGroup section */

/* Begin XCBuildConfiguration section */
		6B6637DA2A4C9486004229C6 /* Debug */ = {
			isa = XCBuildConfiguration;
			buildSettings = {
				ALWAYS_SEARCH_USER_PATHS = NO;
				CLANG_ANALYZER_NONNULL = YES;
				CLANG_ANALYZER_NUMBER_OBJECT_CONVERSION = YES_AGGRESSIVE;
				CLANG_CXX_LANGUAGE_STANDARD = "gnu++20";
				CLANG_ENABLE_MODULES = YES;
				CLANG_ENABLE_OBJC_ARC = YES;
				CLANG_ENABLE_OBJC_WEAK = YES;
				CLANG_WARN_BLOCK_CAPTURE_AUTORELEASING = YES;
				CLANG_WARN_BOOL_CONVERSION = YES;
				CLANG_WARN_COMMA = YES;
				CLANG_WARN_CONSTANT_CONVERSION = YES;
				CLANG_WARN_DEPRECATED_OBJC_IMPLEMENTATIONS = YES;
				CLANG_WARN_DIRECT_OBJC_ISA_USAGE = YES_ERROR;
				CLANG_WARN_DOCUMENTATION_COMMENTS = YES;
				CLANG_WARN_EMPTY_BODY = YES;
				CLANG_WARN_ENUM_CONVERSION = YES;
				CLANG_WARN_INFINITE_RECURSION = YES;
				CLANG_WARN_INT_CONVERSION = YES;
				CLANG_WARN_NON_LITERAL_NULL_CONVERSION = YES;
				CLANG_WARN_OBJC_IMPLICIT_RETAIN_SELF = YES;
				CLANG_WARN_OBJC_LITERAL_CONVERSION = YES;
				CLANG_WARN_OBJC_ROOT_CLASS = YES_ERROR;
				CLANG_WARN_QUOTED_INCLUDE_IN_FRAMEWORK_HEADER = YES;
				CLANG_WARN_RANGE_LOOP_ANALYSIS = YES;
				CLANG_WARN_STRICT_PROTOTYPES = YES;
				CLANG_WARN_SUSPICIOUS_MOVE = YES;
				CLANG_WARN_UNGUARDED_AVAILABILITY = YES_AGGRESSIVE;
				CLANG_WARN_UNREACHABLE_CODE = YES;
				CLANG_WARN__DUPLICATE_METHOD_MATCH = YES;
				COPY_PHASE_STRIP = NO;
				DEBUG_INFORMATION_FORMAT = dwarf;
				ENABLE_STRICT_OBJC_MSGSEND = YES;
				ENABLE_TESTABILITY = YES;
				GCC_C_LANGUAGE_STANDARD = gnu11;
				GCC_DYNAMIC_NO_PIC = NO;
				GCC_NO_COMMON_BLOCKS = YES;
				GCC_OPTIMIZATION_LEVEL = 0;
				GCC_PREPROCESSOR_DEFINITIONS = (
					"DEBUG=1",
					"$(inherited)",
				);
				GCC_WARN_64_TO_32_BIT_CONVERSION = YES;
				GCC_WARN_ABOUT_RETURN_TYPE = YES_ERROR;
				GCC_WARN_UNDECLARED_SELECTOR = YES;
				GCC_WARN_UNINITIALIZED_AUTOS = YES_AGGRESSIVE;
				GCC_WARN_UNUSED_FUNCTION = YES;
				GCC_WARN_UNUSED_VARIABLE = YES;
				IPHONEOS_DEPLOYMENT_TARGET = 16.4;
				MTL_ENABLE_DEBUG_INFO = INCLUDE_SOURCE;
				MTL_FAST_MATH = YES;
				ONLY_ACTIVE_ARCH = YES;
				SDKROOT = iphoneos;
				SWIFT_ACTIVE_COMPILATION_CONDITIONS = DEBUG;
				SWIFT_OPTIMIZATION_LEVEL = "-Onone";
			};
			name = Debug;
		};
		6B6637DB2A4C9486004229C6 /* Release */ = {
			isa = XCBuildConfiguration;
			buildSettings = {
				ALWAYS_SEARCH_USER_PATHS = NO;
				CLANG_ANALYZER_NONNULL = YES;
				CLANG_ANALYZER_NUMBER_OBJECT_CONVERSION = YES_AGGRESSIVE;
				CLANG_CXX_LANGUAGE_STANDARD = "gnu++20";
				CLANG_ENABLE_MODULES = YES;
				CLANG_ENABLE_OBJC_ARC = YES;
				CLANG_ENABLE_OBJC_WEAK = YES;
				CLANG_WARN_BLOCK_CAPTURE_AUTORELEASING = YES;
				CLANG_WARN_BOOL_CONVERSION = YES;
				CLANG_WARN_COMMA = YES;
				CLANG_WARN_CONSTANT_CONVERSION = YES;
				CLANG_WARN_DEPRECATED_OBJC_IMPLEMENTATIONS = YES;
				CLANG_WARN_DIRECT_OBJC_ISA_USAGE = YES_ERROR;
				CLANG_WARN_DOCUMENTATION_COMMENTS = YES;
				CLANG_WARN_EMPTY_BODY = YES;
				CLANG_WARN_ENUM_CONVERSION = YES;
				CLANG_WARN_INFINITE_RECURSION = YES;
				CLANG_WARN_INT_CONVERSION = YES;
				CLANG_WARN_NON_LITERAL_NULL_CONVERSION = YES;
				CLANG_WARN_OBJC_IMPLICIT_RETAIN_SELF = YES;
				CLANG_WARN_OBJC_LITERAL_CONVERSION = YES;
				CLANG_WARN_OBJC_ROOT_CLASS = YES_ERROR;
				CLANG_WARN_QUOTED_INCLUDE_IN_FRAMEWORK_HEADER = YES;
				CLANG_WARN_RANGE_LOOP_ANALYSIS = YES;
				CLANG_WARN_STRICT_PROTOTYPES = YES;
				CLANG_WARN_SUSPICIOUS_MOVE = YES;
				CLANG_WARN_UNGUARDED_AVAILABILITY = YES_AGGRESSIVE;
				CLANG_WARN_UNREACHABLE_CODE = YES;
				CLANG_WARN__DUPLICATE_METHOD_MATCH = YES;
				COPY_PHASE_STRIP = NO;
				DEBUG_INFORMATION_FORMAT = "dwarf-with-dsym";
				ENABLE_NS_ASSERTIONS = NO;
				ENABLE_STRICT_OBJC_MSGSEND = YES;
				GCC_C_LANGUAGE_STANDARD = gnu11;
				GCC_NO_COMMON_BLOCKS = YES;
				GCC_WARN_64_TO_32_BIT_CONVERSION = YES;
				GCC_WARN_ABOUT_RETURN_TYPE = YES_ERROR;
				GCC_WARN_UNDECLARED_SELECTOR = YES;
				GCC_WARN_UNINITIALIZED_AUTOS = YES_AGGRESSIVE;
				GCC_WARN_UNUSED_FUNCTION = YES;
				GCC_WARN_UNUSED_VARIABLE = YES;
				IPHONEOS_DEPLOYMENT_TARGET = 16.4;
				MTL_ENABLE_DEBUG_INFO = NO;
				MTL_FAST_MATH = YES;
				SDKROOT = iphoneos;
				SWIFT_COMPILATION_MODE = wholemodule;
				SWIFT_OPTIMIZATION_LEVEL = "-O";
				VALIDATE_PRODUCT = YES;
			};
			name = Release;
		};
		6B6637DD2A4C9486004229C6 /* Debug */ = {
			isa = XCBuildConfiguration;
			buildSettings = {
				ASSETCATALOG_COMPILER_APPICON_NAME = AppIcon;
				ASSETCATALOG_COMPILER_GLOBAL_ACCENT_COLOR_NAME = AccentColor;
				CODE_SIGN_STYLE = Automatic;
				CURRENT_PROJECT_VERSION = 1;
				DEVELOPMENT_TEAM = RQQ325J47J;
				GENERATE_INFOPLIST_FILE = YES;
				INFOPLIST_FILE = iShop/Info.plist;
				INFOPLIST_KEY_UIApplicationSupportsIndirectInputEvents = YES;
				INFOPLIST_KEY_UILaunchStoryboardName = LaunchScreen;
				INFOPLIST_KEY_UIStatusBarStyle = "";
				INFOPLIST_KEY_UISupportedInterfaceOrientations_iPad = "UIInterfaceOrientationPortrait UIInterfaceOrientationPortraitUpsideDown UIInterfaceOrientationLandscapeLeft UIInterfaceOrientationLandscapeRight";
				INFOPLIST_KEY_UISupportedInterfaceOrientations_iPhone = "UIInterfaceOrientationPortrait UIInterfaceOrientationLandscapeLeft UIInterfaceOrientationLandscapeRight";
				LD_RUNPATH_SEARCH_PATHS = (
					"$(inherited)",
					"@executable_path/Frameworks",
				);
				MARKETING_VERSION = 1.0;
				PRODUCT_BUNDLE_IDENTIFIER = com.mommosadeghi.iShop;
				PRODUCT_NAME = "$(TARGET_NAME)";
				SWIFT_EMIT_LOC_STRINGS = YES;
				SWIFT_VERSION = 5.0;
				TARGETED_DEVICE_FAMILY = "1,2";
			};
			name = Debug;
		};
		6B6637DE2A4C9486004229C6 /* Release */ = {
			isa = XCBuildConfiguration;
			buildSettings = {
				ASSETCATALOG_COMPILER_APPICON_NAME = AppIcon;
				ASSETCATALOG_COMPILER_GLOBAL_ACCENT_COLOR_NAME = AccentColor;
				CODE_SIGN_STYLE = Automatic;
				CURRENT_PROJECT_VERSION = 1;
				DEVELOPMENT_TEAM = RQQ325J47J;
				GENERATE_INFOPLIST_FILE = YES;
				INFOPLIST_FILE = iShop/Info.plist;
				INFOPLIST_KEY_UIApplicationSupportsIndirectInputEvents = YES;
				INFOPLIST_KEY_UILaunchStoryboardName = LaunchScreen;
				INFOPLIST_KEY_UIStatusBarStyle = "";
				INFOPLIST_KEY_UISupportedInterfaceOrientations_iPad = "UIInterfaceOrientationPortrait UIInterfaceOrientationPortraitUpsideDown UIInterfaceOrientationLandscapeLeft UIInterfaceOrientationLandscapeRight";
				INFOPLIST_KEY_UISupportedInterfaceOrientations_iPhone = "UIInterfaceOrientationPortrait UIInterfaceOrientationLandscapeLeft UIInterfaceOrientationLandscapeRight";
				LD_RUNPATH_SEARCH_PATHS = (
					"$(inherited)",
					"@executable_path/Frameworks",
				);
				MARKETING_VERSION = 1.0;
				PRODUCT_BUNDLE_IDENTIFIER = com.mommosadeghi.iShop;
				PRODUCT_NAME = "$(TARGET_NAME)";
				SWIFT_EMIT_LOC_STRINGS = YES;
				SWIFT_VERSION = 5.0;
				TARGETED_DEVICE_FAMILY = "1,2";
			};
			name = Release;
		};
		6B6637E02A4C9486004229C6 /* Debug */ = {
			isa = XCBuildConfiguration;
			buildSettings = {
				ALWAYS_EMBED_SWIFT_STANDARD_LIBRARIES = YES;
				BUNDLE_LOADER = "$(TEST_HOST)";
				CODE_SIGN_STYLE = Automatic;
				CURRENT_PROJECT_VERSION = 1;
				DEVELOPMENT_TEAM = RQQ325J47J;
				GENERATE_INFOPLIST_FILE = YES;
				IPHONEOS_DEPLOYMENT_TARGET = 16.4;
				MARKETING_VERSION = 1.0;
				PRODUCT_BUNDLE_IDENTIFIER = com.mommosadeghi.iShopTests;
				PRODUCT_NAME = "$(TARGET_NAME)";
				SWIFT_EMIT_LOC_STRINGS = NO;
				SWIFT_VERSION = 5.0;
				TARGETED_DEVICE_FAMILY = "1,2";
				TEST_HOST = "$(BUILT_PRODUCTS_DIR)/iShop.app/$(BUNDLE_EXECUTABLE_FOLDER_PATH)/iShop";
			};
			name = Debug;
		};
		6B6637E12A4C9486004229C6 /* Release */ = {
			isa = XCBuildConfiguration;
			buildSettings = {
				ALWAYS_EMBED_SWIFT_STANDARD_LIBRARIES = YES;
				BUNDLE_LOADER = "$(TEST_HOST)";
				CODE_SIGN_STYLE = Automatic;
				CURRENT_PROJECT_VERSION = 1;
				DEVELOPMENT_TEAM = RQQ325J47J;
				GENERATE_INFOPLIST_FILE = YES;
				IPHONEOS_DEPLOYMENT_TARGET = 16.4;
				MARKETING_VERSION = 1.0;
				PRODUCT_BUNDLE_IDENTIFIER = com.mommosadeghi.iShopTests;
				PRODUCT_NAME = "$(TARGET_NAME)";
				SWIFT_EMIT_LOC_STRINGS = NO;
				SWIFT_VERSION = 5.0;
				TARGETED_DEVICE_FAMILY = "1,2";
				TEST_HOST = "$(BUILT_PRODUCTS_DIR)/iShop.app/$(BUNDLE_EXECUTABLE_FOLDER_PATH)/iShop";
			};
			name = Release;
		};
		6B6637E32A4C9486004229C6 /* Debug */ = {
			isa = XCBuildConfiguration;
			buildSettings = {
				ALWAYS_EMBED_SWIFT_STANDARD_LIBRARIES = YES;
				CODE_SIGN_STYLE = Automatic;
				CURRENT_PROJECT_VERSION = 1;
				DEVELOPMENT_TEAM = RQQ325J47J;
				GENERATE_INFOPLIST_FILE = YES;
				MARKETING_VERSION = 1.0;
				PRODUCT_BUNDLE_IDENTIFIER = com.mommosadeghi.iShopUITests;
				PRODUCT_NAME = "$(TARGET_NAME)";
				SWIFT_EMIT_LOC_STRINGS = NO;
				SWIFT_VERSION = 5.0;
				TARGETED_DEVICE_FAMILY = "1,2";
				TEST_TARGET_NAME = iShop;
			};
			name = Debug;
		};
		6B6637E42A4C9486004229C6 /* Release */ = {
			isa = XCBuildConfiguration;
			buildSettings = {
				ALWAYS_EMBED_SWIFT_STANDARD_LIBRARIES = YES;
				CODE_SIGN_STYLE = Automatic;
				CURRENT_PROJECT_VERSION = 1;
				DEVELOPMENT_TEAM = RQQ325J47J;
				GENERATE_INFOPLIST_FILE = YES;
				MARKETING_VERSION = 1.0;
				PRODUCT_BUNDLE_IDENTIFIER = com.mommosadeghi.iShopUITests;
				PRODUCT_NAME = "$(TARGET_NAME)";
				SWIFT_EMIT_LOC_STRINGS = NO;
				SWIFT_VERSION = 5.0;
				TARGETED_DEVICE_FAMILY = "1,2";
				TEST_TARGET_NAME = iShop;
			};
			name = Release;
		};
/* End XCBuildConfiguration section */

/* Begin XCConfigurationList section */
		6B6637AA2A4C9484004229C6 /* Build configuration list for PBXProject "iShop" */ = {
			isa = XCConfigurationList;
			buildConfigurations = (
				6B6637DA2A4C9486004229C6 /* Debug */,
				6B6637DB2A4C9486004229C6 /* Release */,
			);
			defaultConfigurationIsVisible = 0;
			defaultConfigurationName = Release;
		};
		6B6637DC2A4C9486004229C6 /* Build configuration list for PBXNativeTarget "iShop" */ = {
			isa = XCConfigurationList;
			buildConfigurations = (
				6B6637DD2A4C9486004229C6 /* Debug */,
				6B6637DE2A4C9486004229C6 /* Release */,
			);
			defaultConfigurationIsVisible = 0;
			defaultConfigurationName = Release;
		};
		6B6637DF2A4C9486004229C6 /* Build configuration list for PBXNativeTarget "iShopTests" */ = {
			isa = XCConfigurationList;
			buildConfigurations = (
				6B6637E02A4C9486004229C6 /* Debug */,
				6B6637E12A4C9486004229C6 /* Release */,
			);
			defaultConfigurationIsVisible = 0;
			defaultConfigurationName = Release;
		};
		6B6637E22A4C9486004229C6 /* Build configuration list for PBXNativeTarget "iShopUITests" */ = {
			isa = XCConfigurationList;
			buildConfigurations = (
				6B6637E32A4C9486004229C6 /* Debug */,
				6B6637E42A4C9486004229C6 /* Release */,
			);
			defaultConfigurationIsVisible = 0;
			defaultConfigurationName = Release;
		};
/* End XCConfigurationList section */

/* Begin XCRemoteSwiftPackageReference section */
		6B9037752A5AC4FC00DF2766 /* XCRemoteSwiftPackageReference "Kingfisher" */ = {
			isa = XCRemoteSwiftPackageReference;
			repositoryURL = "https://github.com/onevcat/Kingfisher.git";
			requirement = {
				kind = upToNextMajorVersion;
				minimumVersion = 7.0.0;
			};
		};
/* End XCRemoteSwiftPackageReference section */

/* Begin XCSwiftPackageProductDependency section */
		6B9037762A5AC4FC00DF2766 /* Kingfisher */ = {
			isa = XCSwiftPackageProductDependency;
			package = 6B9037752A5AC4FC00DF2766 /* XCRemoteSwiftPackageReference "Kingfisher" */;
			productName = Kingfisher;
		};
/* End XCSwiftPackageProductDependency section */

/* Begin XCVersionGroup section */
		6B6637BB2A4C9485004229C6 /* iShop.xcdatamodeld */ = {
			isa = XCVersionGroup;
			children = (
				6B6637BC2A4C9485004229C6 /* iShop.xcdatamodel */,
			);
			currentVersion = 6B6637BC2A4C9485004229C6 /* iShop.xcdatamodel */;
			path = iShop.xcdatamodeld;
			sourceTree = "<group>";
			versionGroupType = wrapper.xcdatamodel;
		};
/* End XCVersionGroup section */
	};
	rootObject = 6B6637A72A4C9484004229C6 /* Project object */;
}
